# This file is autogenerated, do not edit; changes may be undone by the next 'dep ensure'.


[[projects]]
  branch = "master"
  digest = "1:3fdf605f930b135d32ba80db62132e1a702874ee6d5c4bfa4bc27718e37fbbe3"
  name = "github.com/StudioSol/balancer"
  packages = [
    ".",
    "concurrence",
  ]
  pruneopts = "UT"
  revision = "551d785ab20b124827b183a8df12d9457d95945c"

[[projects]]
  digest = "1:f6f3f673fde340ce591ce23812767d448f0f77c0b0d5f6f5d9fdfeb699455322"
  name = "github.com/go-gorp/gorp"
  packages = ["."]
  pruneopts = "UT"
  revision = "6032c66e0f5f155fd56216ed14cbbdd991034605"
  version = "v2.1"

[[projects]]
  digest = "1:342378ac4dcb378a5448dd723f0784ae519383532f5e70ade24132c4c8693202"
  name = "gopkg.in/yaml.v2"
  packages = ["."]
  pruneopts = "UT"
  revision = "5420a8b6744d3b0345ab293f6fcba19c978f1183"
  version = "v2.2.1"

[solve-meta]
  analyzer-name = "dep"
  analyzer-version = 1
  input-imports = [
    "github.com/StudioSol/balancer",
    "gopkg.in/yaml.v2",
  ]
  solver-name = "gps-cdcl"
  solver-version = 1
